<Solution>
  <Folder Name="/src/">
    <Project Path="src/Conductor.Api/Conductor.Api.csproj" />
    <Project Path="src/Conductor.Application/Conductor.Application.csproj" />
    <Project Path="src/Conductor.Domain/Conductor.Domain.csproj" />
    <Project Path="src/Conductor.Infrastructure/Conductor.Infrastructure.csproj" />
  </Folder>
  <Folder Name="/src/shared/">
    <Project Path="src/shared/Conductor.Contracts/Conductor.Contracts.csproj" />
  </Folder>
  <Folder Name="/tests/">
    <Project Path="tests/Conductor.Application.Tests/Conductor.Application.Tests.csproj" />
    <Project Path="tests/Conductor.Domain.Tests/Conductor.Domain.Tests.csproj" />
    <Project Path="tests/Conductor.Integration.Tests/Conductor.Integration.Tests.csproj" />
  </Folder>
</Solution>
